{
  "name": "my-project",
  "version": "1.0.0",
  "lockfileVersion": 3,
  "requires": true,
  "packages": {
    "": {
      "name": "my-project",
      "version": "1.0.0",
      "license": "ISC",
      "dependencies": {
        "lodash": "file:./path-to-your-local-lodash",
        "my-project": "file:"
      }
    },
    "node_modules/lodash": {
      "resolved": "path-to-your-local-lodash",
      "link": true
    },
    "node_modules/my-project": {
      "resolved": "",
      "link": true
    },
    "path-to-your-local-lodash": {}
  }
}
